
Microsoft Visual Studio Solution File, Format Version 12.00
# Visual Studio Version 16
VisualStudioVersion = 16.0.28803.202
MinimumVisualStudioVersion = 10.0.40219.1
Project("{FAE04EC0-301F-11D3-BF4B-00C04F79EFBC}") = "QuickBuy.Dominio", "QuickBuy.Dominio\QuickBuy.Dominio.csproj", "{8365D8FF-48E1-4BCC-B91C-EAF674C2B121}"
EndProject
Project("{FAE04EC0-301F-11D3-BF4B-00C04F79EFBC}") = "QuickBuy.Repositorio", "QuickBuy.Repositorio\QuickBuy.Repositorio.csproj", "{068A3D4E-5AB2-47EE-8A40-8110C40B2247}"
EndProject
Project("{FAE04EC0-301F-11D3-BF4B-00C04F79EFBC}") = "QuickBuy.Web", "QuickBuy.Web\QuickBuy.Web.csproj", "{F38D9373-7832-4C3C-9FC2-B0B7A1E3C35D}"
EndProject
Global
	GlobalSection(SolutionConfigurationPlatforms) = preSolution
		Debug|Any CPU = Debug|Any CPU
		Release|Any CPU = Release|Any CPU
	EndGlobalSection
	GlobalSection(ProjectConfigurationPlatforms) = postSolution
		{8365D8FF-48E1-4BCC-B91C-EAF674C2B121}.Debug|Any CPU.ActiveCfg = Debug|Any CPU
		{8365D8FF-48E1-4BCC-B91C-EAF674C2B121}.Debug|Any CPU.Build.0 = Debug|Any CPU
		{8365D8FF-48E1-4BCC-B91C-EAF674C2B121}.Release|Any CPU.ActiveCfg = Release|Any CPU
		{8365D8FF-48E1-4BCC-B91C-EAF674C2B121}.Release|Any CPU.Build.0 = Release|Any CPU
		{068A3D4E-5AB2-47EE-8A40-8110C40B2247}.Debug|Any CPU.ActiveCfg = Debug|Any CPU
		{068A3D4E-5AB2-47EE-8A40-8110C40B2247}.Debug|Any CPU.Build.0 = Debug|Any CPU
		{068A3D4E-5AB2-47EE-8A40-8110C40B2247}.Release|Any CPU.ActiveCfg = Release|Any CPU
		{068A3D4E-5AB2-47EE-8A40-8110C40B2247}.Release|Any CPU.Build.0 = Release|Any CPU
		{F38D9373-7832-4C3C-9FC2-B0B7A1E3C35D}.Debug|Any CPU.ActiveCfg = Debug|Any CPU
		{F38D9373-7832-4C3C-9FC2-B0B7A1E3C35D}.Debug|Any CPU.Build.0 = Debug|Any CPU
		{F38D9373-7832-4C3C-9FC2-B0B7A1E3C35D}.Release|Any CPU.ActiveCfg = Release|Any CPU
		{F38D9373-7832-4C3C-9FC2-B0B7A1E3C35D}.Release|Any CPU.Build.0 = Release|Any CPU
	EndGlobalSection
	GlobalSection(SolutionProperties) = preSolution
		HideSolutionNode = FALSE
	EndGlobalSection
	GlobalSection(ExtensibilityGlobals) = postSolution
		SolutionGuid = {AD845670-63C3-48D8-BECF-7E81DEFE4D96}
	EndGlobalSection
EndGlobal
